
Microsoft Visual Studio Solution File, Format Version 12.00
# Visual Studio Version 17
VisualStudioVersion = 17.7.34302.85
MinimumVisualStudioVersion = 10.0.40219.1
Project("{9A19103F-16F7-4668-BE54-9A1E7A4F7556}") = "Reservation.API", "Reservation.API\Reservation.API.csproj", "{84C5A3C0-8FC3-4910-A8E5-E166ED5E7006}"
EndProject
Project("{FAE04EC0-301F-11D3-BF4B-00C04F79EFBC}") = "Reservation.Domain", "Reservation.Domain\Reservation.Domain.csproj", "{B93E4712-6E79-4E8B-A0E6-C3C473C27F94}"
EndProject
Project("{FAE04EC0-301F-11D3-BF4B-00C04F79EFBC}") = "Reservation.Data", "Reservation.Data\Reservation.Data.csproj", "{FC249551-EA9E-4F65-9ED2-99D0E10B801D}"
EndProject
Global
	GlobalSection(SolutionConfigurationPlatforms) = preSolution
		Debug|Any CPU = Debug|Any CPU
		Release|Any CPU = Release|Any CPU
	EndGlobalSection
	GlobalSection(ProjectConfigurationPlatforms) = postSolution
		{84C5A3C0-8FC3-4910-A8E5-E166ED5E7006}.Debug|Any CPU.ActiveCfg = Debug|Any CPU
		{84C5A3C0-8FC3-4910-A8E5-E166ED5E7006}.Debug|Any CPU.Build.0 = Debug|Any CPU
		{84C5A3C0-8FC3-4910-A8E5-E166ED5E7006}.Release|Any CPU.ActiveCfg = Release|Any CPU
		{84C5A3C0-8FC3-4910-A8E5-E166ED5E7006}.Release|Any CPU.Build.0 = Release|Any CPU
		{B93E4712-6E79-4E8B-A0E6-C3C473C27F94}.Debug|Any CPU.ActiveCfg = Debug|Any CPU
		{B93E4712-6E79-4E8B-A0E6-C3C473C27F94}.Debug|Any CPU.Build.0 = Debug|Any CPU
		{B93E4712-6E79-4E8B-A0E6-C3C473C27F94}.Release|Any CPU.ActiveCfg = Release|Any CPU
		{B93E4712-6E79-4E8B-A0E6-C3C473C27F94}.Release|Any CPU.Build.0 = Release|Any CPU
		{FC249551-EA9E-4F65-9ED2-99D0E10B801D}.Debug|Any CPU.ActiveCfg = Debug|Any CPU
		{FC249551-EA9E-4F65-9ED2-99D0E10B801D}.Debug|Any CPU.Build.0 = Debug|Any CPU
		{FC249551-EA9E-4F65-9ED2-99D0E10B801D}.Release|Any CPU.ActiveCfg = Release|Any CPU
		{FC249551-EA9E-4F65-9ED2-99D0E10B801D}.Release|Any CPU.Build.0 = Release|Any CPU
	EndGlobalSection
	GlobalSection(SolutionProperties) = preSolution
		HideSolutionNode = FALSE
	EndGlobalSection
	GlobalSection(ExtensibilityGlobals) = postSolution
		SolutionGuid = {5E350407-48BE-47B1-9D9F-AA6F4076F28D}
	EndGlobalSection
EndGlobal
